
Microsoft Visual Studio Solution File, Format Version 12.00
# Visual Studio Version 16
VisualStudioVersion = 16.0.30114.128
MinimumVisualStudioVersion = 10.0.40219.1
Project("{FAE04EC0-301F-11D3-BF4B-00C04F79EFBC}") = "DatabaseProject", "DatabaseProject\DatabaseProject.csproj", "{B23A2F80-2C3C-4BCD-8CBB-671C3528984B}"
EndProject
Global
	GlobalSection(SolutionConfigurationPlatforms) = preSolution
		Debug|Any CPU = Debug|Any CPU
		Release|Any CPU = Release|Any CPU
	EndGlobalSection
	GlobalSection(ProjectConfigurationPlatforms) = postSolution
		{B23A2F80-2C3C-4BCD-8CBB-671C3528984B}.Debug|Any CPU.ActiveCfg = Debug|Any CPU
		{B23A2F80-2C3C-4BCD-8CBB-671C3528984B}.Debug|Any CPU.Build.0 = Debug|Any CPU
		{B23A2F80-2C3C-4BCD-8CBB-671C3528984B}.Release|Any CPU.ActiveCfg = Release|Any CPU
		{B23A2F80-2C3C-4BCD-8CBB-671C3528984B}.Release|Any CPU.Build.0 = Release|Any CPU
	EndGlobalSection
	GlobalSection(SolutionProperties) = preSolution
		HideSolutionNode = FALSE
	EndGlobalSection
	GlobalSection(ExtensibilityGlobals) = postSolution
		SolutionGuid = {537E87F7-4BCD-4086-9B8E-A7E6762DB554}
	EndGlobalSection
EndGlobal
